
Microsoft Visual Studio Solution File, Format Version 12.00
# Visual Studio Version 17
VisualStudioVersion = 17.13.35828.75
MinimumVisualStudioVersion = 10.0.40219.1
Project("{FAE04EC0-301F-11D3-BF4B-00C04F79EFBC}") = "Docosoft.API", "Docosoft.API\Docosoft.API.csproj", "{F827CC52-9575-7526-5AB2-C9F2F64E10B5}"
EndProject
Project("{FAE04EC0-301F-11D3-BF4B-00C04F79EFBC}") = "Docosoft.Tests", "Docosoft.Tests\Docosoft.Tests.csproj", "{9220130B-14E4-F967-5547-F3B1B9CC0D25}"
EndProject
Project("{FAE04EC0-301F-11D3-BF4B-00C04F79EFBC}") = "Docosoft.API.Core", "Docosoft.API.Core\Docosoft.API.Core.csproj", "{A45FA552-AC5F-7F3C-CACF-CEF22F92BBE8}"
EndProject
Global
	GlobalSection(SolutionConfigurationPlatforms) = preSolution
		Debug|Any CPU = Debug|Any CPU
		Release|Any CPU = Release|Any CPU
	EndGlobalSection
	GlobalSection(ProjectConfigurationPlatforms) = postSolution
		{F827CC52-9575-7526-5AB2-C9F2F64E10B5}.Debug|Any CPU.ActiveCfg = Debug|Any CPU
		{F827CC52-9575-7526-5AB2-C9F2F64E10B5}.Debug|Any CPU.Build.0 = Debug|Any CPU
		{F827CC52-9575-7526-5AB2-C9F2F64E10B5}.Release|Any CPU.ActiveCfg = Release|Any CPU
		{F827CC52-9575-7526-5AB2-C9F2F64E10B5}.Release|Any CPU.Build.0 = Release|Any CPU
		{9220130B-14E4-F967-5547-F3B1B9CC0D25}.Debug|Any CPU.ActiveCfg = Debug|Any CPU
		{9220130B-14E4-F967-5547-F3B1B9CC0D25}.Debug|Any CPU.Build.0 = Debug|Any CPU
		{9220130B-14E4-F967-5547-F3B1B9CC0D25}.Release|Any CPU.ActiveCfg = Release|Any CPU
		{9220130B-14E4-F967-5547-F3B1B9CC0D25}.Release|Any CPU.Build.0 = Release|Any CPU
		{A45FA552-AC5F-7F3C-CACF-CEF22F92BBE8}.Debug|Any CPU.ActiveCfg = Debug|Any CPU
		{A45FA552-AC5F-7F3C-CACF-CEF22F92BBE8}.Debug|Any CPU.Build.0 = Debug|Any CPU
		{A45FA552-AC5F-7F3C-CACF-CEF22F92BBE8}.Release|Any CPU.ActiveCfg = Release|Any CPU
		{A45FA552-AC5F-7F3C-CACF-CEF22F92BBE8}.Release|Any CPU.Build.0 = Release|Any CPU
	EndGlobalSection
	GlobalSection(SolutionProperties) = preSolution
		HideSolutionNode = FALSE
	EndGlobalSection
	GlobalSection(ExtensibilityGlobals) = postSolution
		SolutionGuid = {48A4FC85-D3F3-46F0-85E8-660A5C83B29F}
	EndGlobalSection
EndGlobal
